
Microsoft Visual Studio Solution File, Format Version 12.00
# Visual Studio Version 17
VisualStudioVersion = 17.4.33213.308
MinimumVisualStudioVersion = 10.0.40219.1
Project("{9A19103F-16F7-4668-BE54-9A1E7A4F7556}") = "Generico.Application", "Generico.Application\Generico.Application.csproj", "{3281D9B7-0C1B-4C08-9329-EA85CE0AE803}"
	ProjectSection(ProjectDependencies) = postProject
		{AF739957-4A5C-462F-AEE9-B046D3A03A00} = {AF739957-4A5C-462F-AEE9-B046D3A03A00}
	EndProjectSection
EndProject
Project("{9A19103F-16F7-4668-BE54-9A1E7A4F7556}") = "Generico.Domain", "Generico.Domain\Generico.Domain.csproj", "{92F68133-316E-4CF3-8739-FD7D709ECF57}"
EndProject
Project("{9A19103F-16F7-4668-BE54-9A1E7A4F7556}") = "Generico.Infrastructure", "Generico.Infrastructure\Generico.Infrastructure.csproj", "{AF739957-4A5C-462F-AEE9-B046D3A03A00}"
EndProject
Project("{9A19103F-16F7-4668-BE54-9A1E7A4F7556}") = "Generico.Api", "Generico.Api\Generico.Api.csproj", "{89FDC3F2-6CE0-4EB4-B5CF-A88FC825D62A}"
EndProject
Project("{9A19103F-16F7-4668-BE54-9A1E7A4F7556}") = "Generico.Front", "Generico.Front\Generico.Front.csproj", "{E7E6B717-0F16-4323-B1F6-BB5F003CB308}"
	ProjectSection(ProjectDependencies) = postProject
		{3281D9B7-0C1B-4C08-9329-EA85CE0AE803} = {3281D9B7-0C1B-4C08-9329-EA85CE0AE803}
	EndProjectSection
EndProject
Project("{FAE04EC0-301F-11D3-BF4B-00C04F79EFBC}") = "Generico.Blazor.Client", "Generico.Blazor.Client\Generico.Blazor.Client.csproj", "{FA55911B-1F7F-4F67-8EBB-FDB871D6FF5B}"
EndProject
Global
	GlobalSection(SolutionConfigurationPlatforms) = preSolution
		Debug|Any CPU = Debug|Any CPU
		Release|Any CPU = Release|Any CPU
	EndGlobalSection
	GlobalSection(ProjectConfigurationPlatforms) = postSolution
		{3281D9B7-0C1B-4C08-9329-EA85CE0AE803}.Debug|Any CPU.ActiveCfg = Debug|Any CPU
		{3281D9B7-0C1B-4C08-9329-EA85CE0AE803}.Debug|Any CPU.Build.0 = Debug|Any CPU
		{3281D9B7-0C1B-4C08-9329-EA85CE0AE803}.Release|Any CPU.ActiveCfg = Release|Any CPU
		{3281D9B7-0C1B-4C08-9329-EA85CE0AE803}.Release|Any CPU.Build.0 = Release|Any CPU
		{92F68133-316E-4CF3-8739-FD7D709ECF57}.Debug|Any CPU.ActiveCfg = Debug|Any CPU
		{92F68133-316E-4CF3-8739-FD7D709ECF57}.Debug|Any CPU.Build.0 = Debug|Any CPU
		{92F68133-316E-4CF3-8739-FD7D709ECF57}.Release|Any CPU.ActiveCfg = Release|Any CPU
		{92F68133-316E-4CF3-8739-FD7D709ECF57}.Release|Any CPU.Build.0 = Release|Any CPU
		{AF739957-4A5C-462F-AEE9-B046D3A03A00}.Debug|Any CPU.ActiveCfg = Debug|Any CPU
		{AF739957-4A5C-462F-AEE9-B046D3A03A00}.Debug|Any CPU.Build.0 = Debug|Any CPU
		{AF739957-4A5C-462F-AEE9-B046D3A03A00}.Release|Any CPU.ActiveCfg = Release|Any CPU
		{AF739957-4A5C-462F-AEE9-B046D3A03A00}.Release|Any CPU.Build.0 = Release|Any CPU
		{89FDC3F2-6CE0-4EB4-B5CF-A88FC825D62A}.Debug|Any CPU.ActiveCfg = Debug|Any CPU
		{89FDC3F2-6CE0-4EB4-B5CF-A88FC825D62A}.Debug|Any CPU.Build.0 = Debug|Any CPU
		{89FDC3F2-6CE0-4EB4-B5CF-A88FC825D62A}.Release|Any CPU.ActiveCfg = Release|Any CPU
		{89FDC3F2-6CE0-4EB4-B5CF-A88FC825D62A}.Release|Any CPU.Build.0 = Release|Any CPU
		{E7E6B717-0F16-4323-B1F6-BB5F003CB308}.Debug|Any CPU.ActiveCfg = Debug|Any CPU
		{E7E6B717-0F16-4323-B1F6-BB5F003CB308}.Debug|Any CPU.Build.0 = Debug|Any CPU
		{E7E6B717-0F16-4323-B1F6-BB5F003CB308}.Release|Any CPU.ActiveCfg = Release|Any CPU
		{E7E6B717-0F16-4323-B1F6-BB5F003CB308}.Release|Any CPU.Build.0 = Release|Any CPU
		{FA55911B-1F7F-4F67-8EBB-FDB871D6FF5B}.Debug|Any CPU.ActiveCfg = Debug|Any CPU
		{FA55911B-1F7F-4F67-8EBB-FDB871D6FF5B}.Debug|Any CPU.Build.0 = Debug|Any CPU
		{FA55911B-1F7F-4F67-8EBB-FDB871D6FF5B}.Release|Any CPU.ActiveCfg = Release|Any CPU
		{FA55911B-1F7F-4F67-8EBB-FDB871D6FF5B}.Release|Any CPU.Build.0 = Release|Any CPU
	EndGlobalSection
	GlobalSection(SolutionProperties) = preSolution
		HideSolutionNode = FALSE
	EndGlobalSection
	GlobalSection(ExtensibilityGlobals) = postSolution
		SolutionGuid = {719FD584-4EB3-46F6-BE13-7F1FBE764D90}
	EndGlobalSection
EndGlobal
